{
  "version": "5",
  "specifiers": {
    "jsr:@std/assert@1": "1.0.17",
    "jsr:@std/internal@^1.0.12": "1.0.12",
    "npm:pocketbase@~0.26.7": "0.26.7",
    "npm:vue-router@5": "5.0.0_vue@3.5.27",
    "npm:vue@^3.5.27": "3.5.27"
  },
  "jsr": {
    "@std/assert@1.0.17": {
      "integrity": "df5ebfffe77c03b3fa1401e11c762cc8f603d51021c56c4d15a8c7ab45e90dbe",
      "dependencies": [
        "jsr:@std/internal"
      ]
    },
    "@std/internal@1.0.12": {
      "integrity": "972a634fd5bc34b242024402972cd5143eac68d8dffaca5eaa4dba30ce17b027"
    }
  },
  "npm": {
    "@babel/generator@7.28.6": {
      "integrity": "sha512-lOoVRwADj8hjf7al89tvQ2a1lf53Z+7tiXMgpZJL3maQPDxh0DgLMN62B2MKUOFcoodBHLMbDM6WAbKgNy5Suw==",
      "dependencies": [
        "@babel/parser",
        "@babel/types",
        "@jridgewell/gen-mapping",
        "@jridgewell/trace-mapping",
        "jsesc"
      ]
    },
    "@babel/helper-string-parser@7.27.1": {
      "integrity": "sha512-qMlSxKbpRlAridDExk92nSobyDdpPijUq2DW6oDnUqd0iOGxmQjyqhMIihI9+zv4LPyZdRje2cavWPbCbWm3eA=="
    },
    "@babel/helper-validator-identifier@7.28.5": {
      "integrity": "sha512-qSs4ifwzKJSV39ucNjsvc6WVHs6b7S03sOh2OcHF9UHfVPqWWALUsNUVzhSBiItjRZoLHx7nIarVjqKVusUZ1Q=="
    },
    "@babel/parser@7.28.6": {
      "integrity": "sha512-TeR9zWR18BvbfPmGbLampPMW+uW1NZnJlRuuHso8i87QZNq2JRF9i6RgxRqtEq+wQGsS19NNTWr2duhnE49mfQ==",
      "dependencies": [
        "@babel/types"
      ],
      "bin": true
    },
    "@babel/types@7.28.6": {
      "integrity": "sha512-0ZrskXVEHSWIqZM/sQZ4EV3jZJXRkio/WCxaqKZP1g//CEWEPSfeZFcms4XeKBCHU0ZKnIkdJeU/kF+eRp5lBg==",
      "dependencies": [
        "@babel/helper-string-parser",
        "@babel/helper-validator-identifier"
      ]
    },
    "@jridgewell/gen-mapping@0.3.13": {
      "integrity": "sha512-2kkt/7niJ6MgEPxF0bYdQ6etZaA+fQvDcLKckhy1yIQOzaoKjBBjSj63/aLVjYE3qhRt5dvM+uUyfCg6UKCBbA==",
      "dependencies": [
        "@jridgewell/sourcemap-codec",
        "@jridgewell/trace-mapping"
      ]
    },
    "@jridgewell/remapping@2.3.5": {
      "integrity": "sha512-LI9u/+laYG4Ds1TDKSJW2YPrIlcVYOwi2fUC6xB43lueCjgxV4lffOCZCtYFiH6TNOX+tQKXx97T4IKHbhyHEQ==",
      "dependencies": [
        "@jridgewell/gen-mapping",
        "@jridgewell/trace-mapping"
      ]
    },
    "@jridgewell/resolve-uri@3.1.2": {
      "integrity": "sha512-bRISgCIjP20/tbWSPWMEi54QVPRZExkuD9lJL+UIxUKtwVJA8wW1Trb1jMs1RFXo1CBTNZ/5hpC9QvmKWdopKw=="
    },
    "@jridgewell/sourcemap-codec@1.5.5": {
      "integrity": "sha512-cYQ9310grqxueWbl+WuIUIaiUaDcj7WOq5fVhEljNVgRfOUhY9fy2zTvfoqWsnebh8Sl70VScFbICvJnLKB0Og=="
    },
    "@jridgewell/trace-mapping@0.3.31": {
      "integrity": "sha512-zzNR+SdQSDJzc8joaeP8QQoCQr8NuYx2dIIytl1QeBEZHJ9uW6hebsrYgbz8hJwUQao3TWCMtmfV8Nu1twOLAw==",
      "dependencies": [
        "@jridgewell/resolve-uri",
        "@jridgewell/sourcemap-codec"
      ]
    },
    "@vue-macros/common@3.1.2_vue@3.5.27": {
      "integrity": "sha512-h9t4ArDdniO9ekYHAD95t9AZcAbb19lEGK+26iAjUODOIJKmObDNBSe4+6ELQAA3vtYiFPPBtHh7+cQCKi3Dng==",
      "dependencies": [
        "@vue/compiler-sfc",
        "ast-kit",
        "local-pkg",
        "magic-string-ast",
        "unplugin-utils",
        "vue"
      ],
      "optionalPeers": [
        "vue"
      ]
    },
    "@vue/compiler-core@3.5.27": {
      "integrity": "sha512-gnSBQjZA+//qDZen+6a2EdHqJ68Z7uybrMf3SPjEGgG4dicklwDVmMC1AeIHxtLVPT7sn6sH1KOO+tS6gwOUeQ==",
      "dependencies": [
        "@babel/parser",
        "@vue/shared",
        "entities",
        "estree-walker",
        "source-map-js"
      ]
    },
    "@vue/compiler-dom@3.5.27": {
      "integrity": "sha512-oAFea8dZgCtVVVTEC7fv3T5CbZW9BxpFzGGxC79xakTr6ooeEqmRuvQydIiDAkglZEAd09LgVf1RoDnL54fu5w==",
      "dependencies": [
        "@vue/compiler-core",
        "@vue/shared"
      ]
    },
    "@vue/compiler-sfc@3.5.27": {
      "integrity": "sha512-sHZu9QyDPeDmN/MRoshhggVOWE5WlGFStKFwu8G52swATgSny27hJRWteKDSUUzUH+wp+bmeNbhJnEAel/auUQ==",
      "dependencies": [
        "@babel/parser",
        "@vue/compiler-core",
        "@vue/compiler-dom",
        "@vue/compiler-ssr",
        "@vue/shared",
        "estree-walker",
        "magic-string",
        "postcss",
        "source-map-js"
      ]
    },
    "@vue/compiler-ssr@3.5.27": {
      "integrity": "sha512-Sj7h+JHt512fV1cTxKlYhg7qxBvack+BGncSpH+8vnN+KN95iPIcqB5rsbblX40XorP+ilO7VIKlkuu3Xq2vjw==",
      "dependencies": [
        "@vue/compiler-dom",
        "@vue/shared"
      ]
    },
    "@vue/devtools-api@8.0.5": {
      "integrity": "sha512-DgVcW8H/Nral7LgZEecYFFYXnAvGuN9C3L3DtWekAncFBedBczpNW8iHKExfaM559Zm8wQWrwtYZ9lXthEHtDw==",
      "dependencies": [
        "@vue/devtools-kit"
      ]
    },
    "@vue/devtools-kit@8.0.5": {
      "integrity": "sha512-q2VV6x1U3KJMTQPUlRMyWEKVbcHuxhqJdSr6Jtjz5uAThAIrfJ6WVZdGZm5cuO63ZnSUz0RCsVwiUUb0mDV0Yg==",
      "dependencies": [
        "@vue/devtools-shared",
        "birpc",
        "hookable",
        "mitt",
        "perfect-debounce",
        "speakingurl",
        "superjson"
      ]
    },
    "@vue/devtools-shared@8.0.5": {
      "integrity": "sha512-bRLn6/spxpmgLk+iwOrR29KrYnJjG9DGpHGkDFG82UM21ZpJ39ztUT9OXX3g+usW7/b2z+h46I9ZiYyB07XMXg==",
      "dependencies": [
        "rfdc"
      ]
    },
    "@vue/reactivity@3.5.27": {
      "integrity": "sha512-vvorxn2KXfJ0nBEnj4GYshSgsyMNFnIQah/wczXlsNXt+ijhugmW+PpJ2cNPe4V6jpnBcs0MhCODKllWG+nvoQ==",
      "dependencies": [
        "@vue/shared"
      ]
    },
    "@vue/runtime-core@3.5.27": {
      "integrity": "sha512-fxVuX/fzgzeMPn/CLQecWeDIFNt3gQVhxM0rW02Tvp/YmZfXQgcTXlakq7IMutuZ/+Ogbn+K0oct9J3JZfyk3A==",
      "dependencies": [
        "@vue/reactivity",
        "@vue/shared"
      ]
    },
    "@vue/runtime-dom@3.5.27": {
      "integrity": "sha512-/QnLslQgYqSJ5aUmb5F0z0caZPGHRB8LEAQ1s81vHFM5CBfnun63rxhvE/scVb/j3TbBuoZwkJyiLCkBluMpeg==",
      "dependencies": [
        "@vue/reactivity",
        "@vue/runtime-core",
        "@vue/shared",
        "csstype"
      ]
    },
    "@vue/server-renderer@3.5.27_vue@3.5.27": {
      "integrity": "sha512-qOz/5thjeP1vAFc4+BY3Nr6wxyLhpeQgAE/8dDtKo6a6xdk+L4W46HDZgNmLOBUDEkFXV3G7pRiUqxjX0/2zWA==",
      "dependencies": [
        "@vue/compiler-ssr",
        "@vue/shared",
        "vue"
      ]
    },
    "@vue/shared@3.5.27": {
      "integrity": "sha512-dXr/3CgqXsJkZ0n9F3I4elY8wM9jMJpP3pvRG52r6m0tu/MsAFIe6JpXVGeNMd/D9F4hQynWT8Rfuj0bdm9kFQ=="
    },
    "acorn@8.15.0": {
      "integrity": "sha512-NZyJarBfL7nWwIq+FDL6Zp/yHEhePMNnnJ0y3qfieCrmNvYct8uvtiV41UvlSe6apAfk0fY1FbWx+NwfmpvtTg==",
      "bin": true
    },
    "ast-kit@2.2.0": {
      "integrity": "sha512-m1Q/RaVOnTp9JxPX+F+Zn7IcLYMzM8kZofDImfsKZd8MbR+ikdOzTeztStWqfrqIxZnYWryyI9ePm3NGjnZgGw==",
      "dependencies": [
        "@babel/parser",
        "pathe"
      ]
    },
    "ast-walker-scope@0.8.3": {
      "integrity": "sha512-cbdCP0PGOBq0ASG+sjnKIoYkWMKhhz+F/h9pRexUdX2Hd38+WOlBkRKlqkGOSm0YQpcFMQBJeK4WspUAkwsEdg==",
      "dependencies": [
        "@babel/parser",
        "ast-kit"
      ]
    },
    "birpc@2.9.0": {
      "integrity": "sha512-KrayHS5pBi69Xi9JmvoqrIgYGDkD6mcSe/i6YKi3w5kekCLzrX4+nawcXqrj2tIp50Kw/mT/s3p+GVK0A0sKxw=="
    },
    "chokidar@5.0.0": {
      "integrity": "sha512-TQMmc3w+5AxjpL8iIiwebF73dRDF4fBIieAqGn9RGCWaEVwQ6Fb2cGe31Yns0RRIzii5goJ1Y7xbMwo1TxMplw==",
      "dependencies": [
        "readdirp"
      ]
    },
    "confbox@0.1.8": {
      "integrity": "sha512-RMtmw0iFkeR4YV+fUOSucriAQNb9g8zFR52MWCtl+cCZOFRNL6zeB395vPzFhEjjn4fMxXudmELnl/KF/WrK6w=="
    },
    "confbox@0.2.2": {
      "integrity": "sha512-1NB+BKqhtNipMsov4xI/NnhCKp9XG9NamYp5PVm9klAT0fsrNPjaFICsCFhNhwZJKNh7zB/3q8qXz0E9oaMNtQ=="
    },
    "copy-anything@4.0.5": {
      "integrity": "sha512-7Vv6asjS4gMOuILabD3l739tsaxFQmC+a7pLZm02zyvs8p977bL3zEgq3yDk5rn9B0PbYgIv++jmHcuUab4RhA==",
      "dependencies": [
        "is-what"
      ]
    },
    "csstype@3.2.3": {
      "integrity": "sha512-z1HGKcYy2xA8AGQfwrn0PAy+PB7X/GSj3UVJW9qKyn43xWa+gl5nXmU4qqLMRzWVLFC8KusUX8T/0kCiOYpAIQ=="
    },
    "entities@7.0.1": {
      "integrity": "sha512-TWrgLOFUQTH994YUyl1yT4uyavY5nNB5muff+RtWaqNVCAK408b5ZnnbNAUEWLTCpum9w6arT70i1XdQ4UeOPA=="
    },
    "estree-walker@2.0.2": {
      "integrity": "sha512-Rfkk/Mp/DL7JVje3u18FxFujQlTNR2q6QfMSMB7AvCBx91NGj/ba3kCfza0f6dVDbw7YlRf/nDrn7pQrCCyQ/w=="
    },
    "exsolve@1.0.8": {
      "integrity": "sha512-LmDxfWXwcTArk8fUEnOfSZpHOJ6zOMUJKOtFLFqJLoKJetuQG874Uc7/Kki7zFLzYybmZhp1M7+98pfMqeX8yA=="
    },
    "fdir@6.5.0_picomatch@4.0.3": {
      "integrity": "sha512-tIbYtZbucOs0BRGqPJkshJUYdL+SDH7dVM8gjy+ERp3WAUjLEFJE+02kanyHtwjWOnwrKYBiwAmM0p4kLJAnXg==",
      "dependencies": [
        "picomatch"
      ],
      "optionalPeers": [
        "picomatch"
      ]
    },
    "hookable@5.5.3": {
      "integrity": "sha512-Yc+BQe8SvoXH1643Qez1zqLRmbA5rCL+sSmk6TVos0LWVfNIB7PGncdlId77WzLGSIB5KaWgTaNTs2lNVEI6VQ=="
    },
    "is-what@5.5.0": {
      "integrity": "sha512-oG7cgbmg5kLYae2N5IVd3jm2s+vldjxJzK1pcu9LfpGuQ93MQSzo0okvRna+7y5ifrD+20FE8FvjusyGaz14fw=="
    },
    "jsesc@3.1.0": {
      "integrity": "sha512-/sM3dO2FOzXjKQhJuo0Q173wf2KOo8t4I8vHy6lF9poUp7bKT0/NHE8fPX23PwfhnykfqnC2xRxOnVw5XuGIaA==",
      "bin": true
    },
    "json5@2.2.3": {
      "integrity": "sha512-XmOWe7eyHYH14cLdVPoyg+GOH3rYX++KpzrylJwSW98t3Nk+U8XOl8FWKOgwtzdb8lXGf6zYwDUzeHMWfxasyg==",
      "bin": true
    },
    "local-pkg@1.1.2": {
      "integrity": "sha512-arhlxbFRmoQHl33a0Zkle/YWlmNwoyt6QNZEIJcqNbdrsix5Lvc4HyyI3EnwxTYlZYc32EbYrQ8SzEZ7dqgg9A==",
      "dependencies": [
        "mlly",
        "pkg-types@2.3.0",
        "quansync"
      ]
    },
    "magic-string-ast@1.0.3": {
      "integrity": "sha512-CvkkH1i81zl7mmb94DsRiFeG9V2fR2JeuK8yDgS8oiZSFa++wWLEgZ5ufEOyLHbvSbD1gTRKv9NdX69Rnvr9JA==",
      "dependencies": [
        "magic-string"
      ]
    },
    "magic-string@0.30.21": {
      "integrity": "sha512-vd2F4YUyEXKGcLHoq+TEyCjxueSeHnFxyyjNp80yg0XV4vUhnDer/lvvlqM/arB5bXQN5K2/3oinyCRyx8T2CQ==",
      "dependencies": [
        "@jridgewell/sourcemap-codec"
      ]
    },
    "mitt@3.0.1": {
      "integrity": "sha512-vKivATfr97l2/QBCYAkXYDbrIWPM2IIKEl7YPhjCvKlG3kE2gm+uBo6nEXK3M5/Ffh/FLpKExzOQ3JJoJGFKBw=="
    },
    "mlly@1.8.0": {
      "integrity": "sha512-l8D9ODSRWLe2KHJSifWGwBqpTZXIXTeo8mlKjY+E2HAakaTeNpqAyBZ8GSqLzHgw4XmHmC8whvpjJNMbFZN7/g==",
      "dependencies": [
        "acorn",
        "pathe",
        "pkg-types@1.3.1",
        "ufo"
      ]
    },
    "muggle-string@0.4.1": {
      "integrity": "sha512-VNTrAak/KhO2i8dqqnqnAHOa3cYBwXEZe9h+D5h/1ZqFSTEFHdM65lR7RoIqq3tBBYavsOXV84NoHXZ0AkPyqQ=="
    },
    "nanoid@3.3.11": {
      "integrity": "sha512-N8SpfPUnUp1bK+PMYW8qSWdl9U+wwNWI4QKxOYDy9JAro3WMX7p2OeVRF9v+347pnakNevPmiHhNmZ2HbFA76w==",
      "bin": true
    },
    "pathe@2.0.3": {
      "integrity": "sha512-WUjGcAqP1gQacoQe+OBJsFA7Ld4DyXuUIjZ5cc75cLHvJ7dtNsTugphxIADwspS+AraAUePCKrSVtPLFj/F88w=="
    },
    "perfect-debounce@2.1.0": {
      "integrity": "sha512-LjgdTytVFXeUgtHZr9WYViYSM/g8MkcTPYDlPa3cDqMirHjKiSZPYd6DoL7pK8AJQr+uWkQvCjHNdiMqsrJs+g=="
    },
    "picocolors@1.1.1": {
      "integrity": "sha512-xceH2snhtb5M9liqDsmEw56le376mTZkEX/jEb/RxNFyegNul7eNslCXP9FDj/Lcu0X8KEyMceP2ntpaHrDEVA=="
    },
    "picomatch@4.0.3": {
      "integrity": "sha512-5gTmgEY/sqK6gFXLIsQNH19lWb4ebPDLA4SdLP7dsWkIXHWlG66oPuVvXSGFPppYZz8ZDZq0dYYrbHfBCVUb1Q=="
    },
    "pkg-types@1.3.1": {
      "integrity": "sha512-/Jm5M4RvtBFVkKWRu2BLUTNP8/M2a+UwuAX+ae4770q1qVGtfjG+WTCupoZixokjmHiry8uI+dlY8KXYV5HVVQ==",
      "dependencies": [
        "confbox@0.1.8",
        "mlly",
        "pathe"
      ]
    },
    "pkg-types@2.3.0": {
      "integrity": "sha512-SIqCzDRg0s9npO5XQ3tNZioRY1uK06lA41ynBC1YmFTmnY6FjUjVt6s4LoADmwoig1qqD0oK8h1p/8mlMx8Oig==",
      "dependencies": [
        "confbox@0.2.2",
        "exsolve",
        "pathe"
      ]
    },
    "pocketbase@0.26.7": {
      "integrity": "sha512-9pFp3+CqB73+fBaj6Y6Wid7w2CDz94SqzgBdl2RBjhY4KRDzupBkwP423kR5ZjUpOTThWWGal+W4cRB3MYeAIQ=="
    },
    "postcss@8.5.6": {
      "integrity": "sha512-3Ybi1tAuwAP9s0r1UQ2J4n5Y0G05bJkpUIO0/bI9MhwmD70S5aTWbXGBwxHrelT+XM1k6dM0pk+SwNkpTRN7Pg==",
      "dependencies": [
        "nanoid",
        "picocolors",
        "source-map-js"
      ]
    },
    "quansync@0.2.11": {
      "integrity": "sha512-AifT7QEbW9Nri4tAwR5M/uzpBuqfZf+zwaEM/QkzEjj7NBuFD2rBuy0K3dE+8wltbezDV7JMA0WfnCPYRSYbXA=="
    },
    "readdirp@5.0.0": {
      "integrity": "sha512-9u/XQ1pvrQtYyMpZe7DXKv2p5CNvyVwzUB6uhLAnQwHMSgKMBR62lc7AHljaeteeHXn11XTAaLLUVZYVZyuRBQ=="
    },
    "rfdc@1.4.1": {
      "integrity": "sha512-q1b3N5QkRUWUl7iyylaaj3kOpIT0N2i9MqIEQXP73GVsN9cw3fdx8X63cEmWhJGi2PPCF23Ijp7ktmd39rawIA=="
    },
    "scule@1.3.0": {
      "integrity": "sha512-6FtHJEvt+pVMIB9IBY+IcCJ6Z5f1iQnytgyfKMhDKgmzYG+TeH/wx1y3l27rshSbLiSanrR9ffZDrEsmjlQF2g=="
    },
    "source-map-js@1.2.1": {
      "integrity": "sha512-UXWMKhLOwVKb728IUtQPXxfYU+usdybtUrK/8uGE8CQMvrhOpwvzDBwj0QhSL7MQc7vIsISBG8VQ8+IDQxpfQA=="
    },
    "speakingurl@14.0.1": {
      "integrity": "sha512-1POYv7uv2gXoyGFpBCmpDVSNV74IfsWlDW216UPjbWufNf+bSU6GdbDsxdcxtfwb4xlI3yxzOTKClUosxARYrQ=="
    },
    "superjson@2.2.6": {
      "integrity": "sha512-H+ue8Zo4vJmV2nRjpx86P35lzwDT3nItnIsocgumgr0hHMQ+ZGq5vrERg9kJBo5AWGmxZDhzDo+WVIJqkB0cGA==",
      "dependencies": [
        "copy-anything"
      ]
    },
    "tinyglobby@0.2.15_picomatch@4.0.3": {
      "integrity": "sha512-j2Zq4NyQYG5XMST4cbs02Ak8iJUdxRM0XI5QyxXuZOzKOINmWurp3smXu3y5wDcJrptwpSjgXHzIQxR0omXljQ==",
      "dependencies": [
        "fdir",
        "picomatch"
      ]
    },
    "ufo@1.6.3": {
      "integrity": "sha512-yDJTmhydvl5lJzBmy/hyOAA0d+aqCBuwl818haVdYCRrWV84o7YyeVm4QlVHStqNrrJSTb6jKuFAVqAFsr+K3Q=="
    },
    "unplugin-utils@0.3.1": {
      "integrity": "sha512-5lWVjgi6vuHhJ526bI4nlCOmkCIF3nnfXkCMDeMJrtdvxTs6ZFCM8oNufGTsDbKv/tJ/xj8RpvXjRuPBZJuJog==",
      "dependencies": [
        "pathe",
        "picomatch"
      ]
    },
    "unplugin@2.3.11": {
      "integrity": "sha512-5uKD0nqiYVzlmCRs01Fhs2BdkEgBS3SAVP6ndrBsuK42iC2+JHyxM05Rm9G8+5mkmRtzMZGY8Ct5+mliZxU/Ww==",
      "dependencies": [
        "@jridgewell/remapping",
        "acorn",
        "picomatch",
        "webpack-virtual-modules"
      ]
    },
    "vue-router@5.0.0_vue@3.5.27": {
      "integrity": "sha512-xWHlps4o1ScODWqvyapl0v1uGy0g7ozmsTSO/dguyGb/9RL6oSU2HfN/8oMXnoFOH1BuTaAkbiOz4OWdkfjcZg==",
      "dependencies": [
        "@babel/generator",
        "@vue-macros/common",
        "@vue/devtools-api",
        "ast-walker-scope",
        "chokidar",
        "json5",
        "local-pkg",
        "magic-string",
        "mlly",
        "muggle-string",
        "pathe",
        "picomatch",
        "scule",
        "tinyglobby",
        "unplugin",
        "unplugin-utils",
        "vue",
        "yaml"
      ]
    },
    "vue@3.5.27": {
      "integrity": "sha512-aJ/UtoEyFySPBGarREmN4z6qNKpbEguYHMmXSiOGk69czc+zhs0NF6tEFrY8TZKAl8N/LYAkd4JHVd5E/AsSmw==",
      "dependencies": [
        "@vue/compiler-dom",
        "@vue/compiler-sfc",
        "@vue/runtime-dom",
        "@vue/server-renderer",
        "@vue/shared"
      ]
    },
    "webpack-virtual-modules@0.6.2": {
      "integrity": "sha512-66/V2i5hQanC51vBQKPH4aI8NMAcBW59FVBs+rC7eGHupMyfn34q7rZIE+ETlJ+XTevqfUhVVBgSUNSW2flEUQ=="
    },
    "yaml@2.8.2": {
      "integrity": "sha512-mplynKqc1C2hTVYxd0PU2xQAc22TI1vShAYGksCCfxbn/dFwnHTNi1bvYsBTkhdUNtGIf5xNOg938rrSSYvS9A==",
      "bin": true
    }
  },
  "workspace": {
    "dependencies": [
      "jsr:@std/assert@1",
      "npm:pocketbase@~0.26.7",
      "npm:vue-router@5",
      "npm:vue@^3.5.27"
    ]
  }
}
